
Microsoft Visual Studio Solution File, Format Version 12.00
# Visual Studio Version 16
VisualStudioVersion = 16.0.30104.148
MinimumVisualStudioVersion = 10.0.40219.1
Project("{FAE04EC0-301F-11D3-BF4B-00C04F79EFBC}") = "Taleem_Ul_Quraan", "Taleem_Ul_Quraan\Taleem_Ul_Quraan.csproj", "{0BB2F6E5-15B8-4411-A5C4-2EE2C9B86F96}"
EndProject
Global
	GlobalSection(SolutionConfigurationPlatforms) = preSolution
		Debug|Any CPU = Debug|Any CPU
		Release|Any CPU = Release|Any CPU
	EndGlobalSection
	GlobalSection(ProjectConfigurationPlatforms) = postSolution
		{0BB2F6E5-15B8-4411-A5C4-2EE2C9B86F96}.Debug|Any CPU.ActiveCfg = Debug|Any CPU
		{0BB2F6E5-15B8-4411-A5C4-2EE2C9B86F96}.Debug|Any CPU.Build.0 = Debug|Any CPU
		{0BB2F6E5-15B8-4411-A5C4-2EE2C9B86F96}.Release|Any CPU.ActiveCfg = Release|Any CPU
		{0BB2F6E5-15B8-4411-A5C4-2EE2C9B86F96}.Release|Any CPU.Build.0 = Release|Any CPU
	EndGlobalSection
	GlobalSection(SolutionProperties) = preSolution
		HideSolutionNode = FALSE
	EndGlobalSection
	GlobalSection(ExtensibilityGlobals) = postSolution
		SolutionGuid = {761EDCD4-6433-420C-8765-5E3D7C3A58EB}
	EndGlobalSection
EndGlobal
